// !$*UTF8*$!
{
	archiveVersion = 1;
	classes = {
	};
	objectVersion = 46;
	objects = {

/* Begin PBXBuildFile section */
		CE3D86851D6D208600FCE418 /* main.m in Sources */ = {isa = PBXBuildFile; fileRef = CE3D86841D6D208600FCE418 /* main.m */; };
		CE3D86881D6D208600FCE418 /* AppDelegate.m in Sources */ = {isa = PBXBuildFile; fileRef = CE3D86871D6D208600FCE418 /* AppDelegate.m */; };
		CE3D868B1D6D208600FCE418 /* ViewController.m in Sources */ = {isa = PBXBuildFile; fileRef = CE3D868A1D6D208600FCE418 /* ViewController.m */; };
		CE3D868E1D6D208600FCE418 /* Main.storyboard in Resources */ = {isa = PBXBuildFile; fileRef = CE3D868C1D6D208600FCE418 /* Main.storyboard */; };
		CE3D86901D6D208600FCE418 /* Assets.xcassets in Resources */ = {isa = PBXBuildFile; fileRef = CE3D868F1D6D208600FCE418 /* Assets.xcassets */; };
		CE3D86931D6D208600FCE418 /* LaunchScreen.storyboard in Resources */ = {isa = PBXBuildFile; fileRef = CE3D86911D6D208600FCE418 /* LaunchScreen.storyboard */; };
		CE3D869C1D6D2C2D00FCE418 /* Calculator.m in Sources */ = {isa = PBXBuildFile; fileRef = CE3D869B1D6D2C2D00FCE418 /* Calculator.m */; };
/* End PBXBuildFile section */

/* Begin PBXFileReference section */
		CE3D86801D6D208600FCE418 /* Calculator.app */ = {isa = PBXFileReference; explicitFileType = wrapper.application; includeInIndex = 0; path = Calculator.app; sourceTree = BUILT_PRODUCTS_DIR; };
		CE3D86841D6D208600FCE418 /* main.m */ = {isa = PBXFileReference; lastKnownFileType = sourcecode.c.objc; path = main.m; sourceTree = "<group>"; };
		CE3D86861D6D208600FCE418 /* AppDelegate.h */ = {isa = PBXFileReference; lastKnownFileType = sourcecode.c.h; path = AppDelegate.h; sourceTree = "<group>"; };
		CE3D86871D6D208600FCE418 /* AppDelegate.m */ = {isa = PBXFileReference; lastKnownFileType = sourcecode.c.objc; path = AppDelegate.m; sourceTree = "<group>"; };
		CE3D86891D6D208600FCE418 /* ViewController.h */ = {isa = PBXFileReference; lastKnownFileType = sourcecode.c.h; path = ViewController.h; sourceTree = "<group>"; };
		CE3D868A1D6D208600FCE418 /* ViewController.m */ = {isa = PBXFileReference; lastKnownFileType = sourcecode.c.objc; path = ViewController.m; sourceTree = "<group>"; };
		CE3D868D1D6D208600FCE418 /* Base */ = {isa = PBXFileReference; lastKnownFileType = file.storyboard; name = Base; path = Base.lproj/Main.storyboard; sourceTree = "<group>"; };
		CE3D868F1D6D208600FCE418 /* Assets.xcassets */ = {isa = PBXFileReference; lastKnownFileType = folder.assetcatalog; path = Assets.xcassets; sourceTree = "<group>"; };
		CE3D86921D6D208600FCE418 /* Base */ = {isa = PBXFileReference; lastKnownFileType = file.storyboard; name = Base; path = Base.lproj/LaunchScreen.storyboard; sourceTree = "<group>"; };
		CE3D86941D6D208600FCE418 /* Info.plist */ = {isa = PBXFileReference; lastKnownFileType = text.plist.xml; path = Info.plist; sourceTree = "<group>"; };
		CE3D869A1D6D2C2D00FCE418 /* Calculator.h */ = {isa = PBXFileReference; fileEncoding = 4; lastKnownFileType = sourcecode.c.h; path = Calculator.h; sourceTree = "<group>"; };
		CE3D869B1D6D2C2D00FCE418 /* Calculator.m */ = {isa = PBXFileReference; fileEncoding = 4; lastKnownFileType = sourcecode.c.objc; path = Calculator.m; sourceTree = "<group>"; };
/* End PBXFileReference section */

/* Begin PBXFrameworksBuildPhase section */
		CE3D867D1D6D208600FCE418 /* Frameworks */ = {
			isa = PBXFrameworksBuildPhase;
			buildActionMask = 2147483647;
			files = (
			);
			runOnlyForDeploymentPostprocessing = 0;
		};
/* End PBXFrameworksBuildPhase section */

/* Begin PBXGroup section */
		CE3D86771D6D208600FCE418 = {
			isa = PBXGroup;
			children = (
				CE3D86821D6D208600FCE418 /* Calculator */,
				CE3D86811D6D208600FCE418 /* Products */,
			);
			sourceTree = "<group>";
		};
		CE3D86811D6D208600FCE418 /* Products */ = {
			isa = PBXGroup;
			children = (
				CE3D86801D6D208600FCE418 /* Calculator.app */,
			);
			name = Products;
			sourceTree = "<group>";
		};
		CE3D86821D6D208600FCE418 /* Calculator */ = {
			isa = PBXGroup;
			children = (
				CE3D869A1D6D2C2D00FCE418 /* Calculator.h */,
				CE3D869B1D6D2C2D00FCE418 /* Calculator.m */,
				CE3D86861D6D208600FCE418 /* AppDelegate.h */,
				CE3D86871D6D208600FCE418 /* AppDelegate.m */,
				CE3D86891D6D208600FCE418 /* ViewController.h */,
				CE3D868A1D6D208600FCE418 /* ViewController.m */,
				CE3D868C1D6D208600FCE418 /* Main.storyboard */,
				CE3D868F1D6D208600FCE418 /* Assets.xcassets */,
				CE3D86911D6D208600FCE418 /* LaunchScreen.storyboard */,
				CE3D86941D6D208600FCE418 /* Info.plist */,
				CE3D86831D6D208600FCE418 /* Supporting Files */,
			);
			path = Calculator;
			sourceTree = "<group>";
		};
		CE3D86831D6D208600FCE418 /* Supporting Files */ = {
			isa = PBXGroup;
			children = (
				CE3D86841D6D208600FCE418 /* main.m */,
			);
			name = "Supporting Files";
			sourceTree = "<group>";
		};
/* End PBXGroup section */

/* Begin PBXNativeTarget section */
		CE3D867F1D6D208600FCE418 /* Calculator */ = {
			isa = PBXNativeTarget;
			buildConfigurationList = CE3D86971D6D208600FCE418 /* Build configuration list for PBXNativeTarget "Calculator" */;
			buildPhases = (
				CE3D867C1D6D208600FCE418 /* Sources */,
				CE3D867D1D6D208600FCE418 /* Frameworks */,
				CE3D867E1D6D208600FCE418 /* Resources */,
			);
			buildRules = (
			);
			dependencies = (
			);
			name = Calculator;
			productName = Calculator;
			productReference = CE3D86801D6D208600FCE418 /* Calculator.app */;
			productType = "com.apple.product-type.application";
		};
/* End PBXNativeTarget section */

/* Begin PBXProject section */
		CE3D86781D6D208600FCE418 /* Project object */ = {
			isa = PBXProject;
			attributes = {
				LastUpgradeCheck = 0730;
				ORGANIZATIONNAME = LDCC;
				TargetAttributes = {
					CE3D867F1D6D208600FCE418 = {
						CreatedOnToolsVersion = 7.3.1;
					};
				};
			};
			buildConfigurationList = CE3D867B1D6D208600FCE418 /* Build configuration list for PBXProject "Calculator" */;
			compatibilityVersion = "Xcode 3.2";
			developmentRegion = English;
			hasScannedForEncodings = 0;
			knownRegions = (
				en,
				Base,
			);
			mainGroup = CE3D86771D6D208600FCE418;
			productRefGroup = CE3D86811D6D208600FCE418 /* Products */;
			projectDirPath = "";
			projectRoot = "";
			targets = (
				CE3D867F1D6D208600FCE418 /* Calculator */,
			);
		};
/* End PBXProject section */

/* Begin PBXResourcesBuildPhase section */
		CE3D867E1D6D208600FCE418 /* Resources */ = {
			isa = PBXResourcesBuildPhase;
			buildActionMask = 2147483647;
			files = (
				CE3D86931D6D208600FCE418 /* LaunchScreen.storyboard in Resources */,
				CE3D86901D6D208600FCE418 /* Assets.xcassets in Resources */,
				CE3D868E1D6D208600FCE418 /* Main.storyboard in Resources */,
			);
			runOnlyForDeploymentPostprocessing = 0;
		};
/* End PBXResourcesBuildPhase section */

/* Begin PBXSourcesBuildPhase section */
		CE3D867C1D6D208600FCE418 /* Sources */ = {
			isa = PBXSourcesBuildPhase;
			buildActionMask = 2147483647;
			files = (
				CE3D868B1D6D208600FCE418 /* ViewController.m in Sources */,
				CE3D869C1D6D2C2D00FCE418 /* Calculator.m in Sources */,
				CE3D86881D6D208600FCE418 /* AppDelegate.m in Sources */,
				CE3D86851D6D208600FCE418 /* main.m in Sources */,
			);
			runOnlyForDeploymentPostprocessing = 0;
		};
/* End PBXSourcesBuildPhase section */

/* Begin PBXVariantGroup section */
		CE3D868C1D6D208600FCE418 /* Main.storyboard */ = {
			isa = PBXVariantGroup;
			children = (
				CE3D868D1D6D208600FCE418 /* Base */,
			);
			name = Main.storyboard;
			sourceTree = "<group>";
		};
		CE3D86911D6D208600FCE418 /* LaunchScreen.storyboard */ = {
			isa = PBXVariantGroup;
			children = (
				CE3D86921D6D208600FCE418 /* Base */,
			);
			name = LaunchScreen.storyboard;
			sourceTree = "<group>";
		};
/* End PBXVariantGroup section */

/* Begin XCBuildConfiguration section */
		CE3D86951D6D208600FCE418 /* Debug */ = {
			isa = XCBuildConfiguration;
			buildSettings = {
				ALWAYS_SEARCH_USER_PATHS = NO;
				CLANG_ANALYZER_NONNULL = YES;
				CLANG_CXX_LANGUAGE_STANDARD = "gnu++0x";
				CLANG_CXX_LIBRARY = "libc++";
				CLANG_ENABLE_MODULES = YES;
				CLANG_ENABLE_OBJC_ARC = YES;
				CLANG_WARN_BOOL_CONVERSION = YES;
				CLANG_WARN_CONSTANT_CONVERSION = YES;
				CLANG_WARN_DIRECT_OBJC_ISA_USAGE = YES_ERROR;
				CLANG_WARN_EMPTY_BODY = YES;
				CLANG_WARN_ENUM_CONVERSION = YES;
				CLANG_WARN_INT_CONVERSION = YES;
				CLANG_WARN_OBJC_ROOT_CLASS = YES_ERROR;
				CLANG_WARN_UNREACHABLE_CODE = YES;
				CLANG_WARN__DUPLICATE_METHOD_MATCH = YES;
				"CODE_SIGN_IDENTITY[sdk=iphoneos*]" = "iPhone Developer";
				COPY_PHASE_STRIP = NO;
				DEBUG_INFORMATION_FORMAT = dwarf;
				ENABLE_STRICT_OBJC_MSGSEND = YES;
				ENABLE_TESTABILITY = YES;
				GCC_C_LANGUAGE_STANDARD = gnu99;
				GCC_DYNAMIC_NO_PIC = NO;
				GCC_NO_COMMON_BLOCKS = YES;
				GCC_OPTIMIZATION_LEVEL = 0;
				GCC_PREPROCESSOR_DEFINITIONS = (
					"DEBUG=1",
					"$(inherited)",
				);
				GCC_WARN_64_TO_32_BIT_CONVERSION = YES;
				GCC_WARN_ABOUT_RETURN_TYPE = YES_ERROR;
				GCC_WARN_UNDECLARED_SELECTOR = YES;
				GCC_WARN_UNINITIALIZED_AUTOS = YES_AGGRESSIVE;
				GCC_WARN_UNUSED_FUNCTION = YES;
				GCC_WARN_UNUSED_VARIABLE = YES;
				IPHONEOS_DEPLOYMENT_TARGET = 9.3;
				MTL_ENABLE_DEBUG_INFO = YES;
				ONLY_ACTIVE_ARCH = YES;
				SDKROOT = iphoneos;
			};
			name = Debug;
		};
		CE3D86961D6D208600FCE418 /* Release */ = {
			isa = XCBuildConfiguration;
			buildSettings = {
				ALWAYS_SEARCH_USER_PATHS = NO;
				CLANG_ANALYZER_NONNULL = YES;
				CLANG_CXX_LANGUAGE_STANDARD = "gnu++0x";
				CLANG_CXX_LIBRARY = "libc++";
				CLANG_ENABLE_MODULES = YES;
				CLANG_ENABLE_OBJC_ARC = YES;
				CLANG_WARN_BOOL_CONVERSION = YES;
				CLANG_WARN_CONSTANT_CONVERSION = YES;
				CLANG_WARN_DIRECT_OBJC_ISA_USAGE = YES_ERROR;
				CLANG_WARN_EMPTY_BODY = YES;
				CLANG_WARN_ENUM_CONVERSION = YES;
				CLANG_WARN_INT_CONVERSION = YES;
				CLANG_WARN_OBJC_ROOT_CLASS = YES_ERROR;
				CLANG_WARN_UNREACHABLE_CODE = YES;
				CLANG_WARN__DUPLICATE_METHOD_MATCH = YES;
				"CODE_SIGN_IDENTITY[sdk=iphoneos*]" = "iPhone Developer";
				COPY_PHASE_STRIP = NO;
				DEBUG_INFORMATION_FORMAT = "dwarf-with-dsym";
				ENABLE_NS_ASSERTIONS = NO;
				ENABLE_STRICT_OBJC_MSGSEND = YES;
				GCC_C_LANGUAGE_STANDARD = gnu99;
				GCC_NO_COMMON_BLOCKS = YES;
				GCC_WARN_64_TO_32_BIT_CONVERSION = YES;
				GCC_WARN_ABOUT_RETURN_TYPE = YES_ERROR;
				GCC_WARN_UNDECLARED_SELECTOR = YES;
				GCC_WARN_UNINITIALIZED_AUTOS = YES_AGGRESSIVE;
				GCC_WARN_UNUSED_FUNCTION = YES;
				GCC_WARN_UNUSED_VARIABLE = YES;
				IPHONEOS_DEPLOYMENT_TARGET = 9.3;
				MTL_ENABLE_DEBUG_INFO = NO;
				SDKROOT = iphoneos;
				VALIDATE_PRODUCT = YES;
			};
			name = Release;
		};
		CE3D86981D6D208600FCE418 /* Debug */ = {
			isa = XCBuildConfiguration;
			buildSettings = {
				ASSETCATALOG_COMPILER_APPICON_NAME = AppIcon;
				INFOPLIST_FILE = Calculator/Info.plist;
				LD_RUNPATH_SEARCH_PATHS = "$(inherited) @executable_path/Frameworks";
				PRODUCT_BUNDLE_IDENTIFIER = com.lottecard.Calculator;
				PRODUCT_NAME = "$(TARGET_NAME)";
			};
			name = Debug;
		};
		CE3D86991D6D208600FCE418 /* Release */ = {
			isa = XCBuildConfiguration;
			buildSettings = {
				ASSETCATALOG_COMPILER_APPICON_NAME = AppIcon;
				INFOPLIST_FILE = Calculator/Info.plist;
				LD_RUNPATH_SEARCH_PATHS = "$(inherited) @executable_path/Frameworks";
				PRODUCT_BUNDLE_IDENTIFIER = com.lottecard.Calculator;
				PRODUCT_NAME = "$(TARGET_NAME)";
			};
			name = Release;
		};
/* End XCBuildConfiguration section */

/* Begin XCConfigurationList section */
		CE3D867B1D6D208600FCE418 /* Build configuration list for PBXProject "Calculator" */ = {
			isa = XCConfigurationList;
			buildConfigurations = (
				CE3D86951D6D208600FCE418 /* Debug */,
				CE3D86961D6D208600FCE418 /* Release */,
			);
			defaultConfigurationIsVisible = 0;
			defaultConfigurationName = Release;
		};
		CE3D86971D6D208600FCE418 /* Build configuration list for PBXNativeTarget "Calculator" */ = {
			isa = XCConfigurationList;
			buildConfigurations = (
				CE3D86981D6D208600FCE418 /* Debug */,
				CE3D86991D6D208600FCE418 /* Release */,
			);
			defaultConfigurationIsVisible = 0;
		};
/* End XCConfigurationList section */
	};
	rootObject = CE3D86781D6D208600FCE418 /* Project object */;
}
